
Microsoft Visual Studio Solution File, Format Version 12.00
# Visual Studio Version 17
VisualStudioVersion = 17.8.34330.188
MinimumVisualStudioVersion = 10.0.40219.1
Project("{FAE04EC0-301F-11D3-BF4B-00C04F79EFBC}") = "ConsoleApp_SetUpEnv", "ConsoleApp_SetUpEnv\ConsoleApp_SetUpEnv.csproj", "{45624E83-3DF7-4A38-9CB3-612FFDA73692}"
EndProject
Project("{2150E333-8FDC-42A3-9474-1A3956D46DE8}") = "Solution Items", "Solution Items", "{640F7258-3F1B-4A69-8E14-F0B9E7C0E080}"
	ProjectSection(SolutionItems) = preProject
		Activity.cs = Activity.cs
	EndProjectSection
EndProject
Project("{FAE04EC0-301F-11D3-BF4B-00C04F79EFBC}") = "ConsoleAppV2", "ConsoleAppV2\ConsoleAppV2.csproj", "{3C399EDA-8B24-4FC4-8DC4-909862C532D6}"
EndProject
Global
	GlobalSection(SolutionConfigurationPlatforms) = preSolution
		Debug|Any CPU = Debug|Any CPU
		Release|Any CPU = Release|Any CPU
	EndGlobalSection
	GlobalSection(ProjectConfigurationPlatforms) = postSolution
		{45624E83-3DF7-4A38-9CB3-612FFDA73692}.Debug|Any CPU.ActiveCfg = Debug|Any CPU
		{45624E83-3DF7-4A38-9CB3-612FFDA73692}.Debug|Any CPU.Build.0 = Debug|Any CPU
		{45624E83-3DF7-4A38-9CB3-612FFDA73692}.Release|Any CPU.ActiveCfg = Release|Any CPU
		{45624E83-3DF7-4A38-9CB3-612FFDA73692}.Release|Any CPU.Build.0 = Release|Any CPU
		{3C399EDA-8B24-4FC4-8DC4-909862C532D6}.Debug|Any CPU.ActiveCfg = Debug|Any CPU
		{3C399EDA-8B24-4FC4-8DC4-909862C532D6}.Debug|Any CPU.Build.0 = Debug|Any CPU
		{3C399EDA-8B24-4FC4-8DC4-909862C532D6}.Release|Any CPU.ActiveCfg = Release|Any CPU
		{3C399EDA-8B24-4FC4-8DC4-909862C532D6}.Release|Any CPU.Build.0 = Release|Any CPU
	EndGlobalSection
	GlobalSection(SolutionProperties) = preSolution
		HideSolutionNode = FALSE
	EndGlobalSection
	GlobalSection(ExtensibilityGlobals) = postSolution
		SolutionGuid = {F1EFBBD0-4183-4A77-833E-92DA5E355C28}
	EndGlobalSection
EndGlobal
